
Microsoft Visual Studio Solution File, Format Version 12.00
# Visual Studio Version 16
VisualStudioVersion = 16.0.810.16
MinimumVisualStudioVersion = 10.0.40219.1
Project("{FAE04EC0-301F-11D3-BF4B-00C04F79EFBC}") = "abtesting-sdk-csharp", "abtesting-sdk-csharp\abtesting-sdk-csharp.csproj", "{A8B07957-3DA8-4C24-B375-3306DDD7ADC7}"
EndProject
Project("{FAE04EC0-301F-11D3-BF4B-00C04F79EFBC}") = "DotNetCoreDemo", "DotNetCoreDemo\DotNetCoreDemo.csproj", "{78E815DF-6700-4612-9CC9-EBFCC7CBEC85}"
EndProject
Project("{FAE04EC0-301F-11D3-BF4B-00C04F79EFBC}") = "DotNetFrameworkDemo", "DotNetFrameworkDemo\DotNetFrameworkDemo.csproj", "{8920AA42-6EB5-4D7F-AB2E-ED448B07DF34}"
EndProject
Project("{FAE04EC0-301F-11D3-BF4B-00C04F79EFBC}") = "Unit_Test", "Unit_Test\Unit_Test.csproj", "{6D10377E-3AE9-40B3-B0A8-9DADF5CDBA9A}"
EndProject
Global
	GlobalSection(SolutionConfigurationPlatforms) = preSolution
		Debug|Any CPU = Debug|Any CPU
		Release|Any CPU = Release|Any CPU
	EndGlobalSection
	GlobalSection(ProjectConfigurationPlatforms) = postSolution
		{A8B07957-3DA8-4C24-B375-3306DDD7ADC7}.Debug|Any CPU.ActiveCfg = Debug|Any CPU
		{A8B07957-3DA8-4C24-B375-3306DDD7ADC7}.Debug|Any CPU.Build.0 = Debug|Any CPU
		{A8B07957-3DA8-4C24-B375-3306DDD7ADC7}.Release|Any CPU.ActiveCfg = Release|Any CPU
		{A8B07957-3DA8-4C24-B375-3306DDD7ADC7}.Release|Any CPU.Build.0 = Release|Any CPU
		{78E815DF-6700-4612-9CC9-EBFCC7CBEC85}.Debug|Any CPU.ActiveCfg = Debug|Any CPU
		{78E815DF-6700-4612-9CC9-EBFCC7CBEC85}.Debug|Any CPU.Build.0 = Debug|Any CPU
		{78E815DF-6700-4612-9CC9-EBFCC7CBEC85}.Release|Any CPU.ActiveCfg = Release|Any CPU
		{78E815DF-6700-4612-9CC9-EBFCC7CBEC85}.Release|Any CPU.Build.0 = Release|Any CPU
		{8920AA42-6EB5-4D7F-AB2E-ED448B07DF34}.Debug|Any CPU.ActiveCfg = Debug|Any CPU
		{8920AA42-6EB5-4D7F-AB2E-ED448B07DF34}.Debug|Any CPU.Build.0 = Debug|Any CPU
		{8920AA42-6EB5-4D7F-AB2E-ED448B07DF34}.Release|Any CPU.ActiveCfg = Release|Any CPU
		{8920AA42-6EB5-4D7F-AB2E-ED448B07DF34}.Release|Any CPU.Build.0 = Release|Any CPU
		{6D10377E-3AE9-40B3-B0A8-9DADF5CDBA9A}.Debug|Any CPU.ActiveCfg = Debug|Any CPU
		{6D10377E-3AE9-40B3-B0A8-9DADF5CDBA9A}.Debug|Any CPU.Build.0 = Debug|Any CPU
		{6D10377E-3AE9-40B3-B0A8-9DADF5CDBA9A}.Release|Any CPU.ActiveCfg = Release|Any CPU
		{6D10377E-3AE9-40B3-B0A8-9DADF5CDBA9A}.Release|Any CPU.Build.0 = Release|Any CPU
	EndGlobalSection
	GlobalSection(SolutionProperties) = preSolution
		HideSolutionNode = FALSE
	EndGlobalSection
	GlobalSection(ExtensibilityGlobals) = postSolution
		SolutionGuid = {81743541-8EF3-4445-8C4E-A719CD90424C}
	EndGlobalSection
EndGlobal
